
Microsoft Visual Studio Solution File, Format Version 12.00
# Visual Studio 15
VisualStudioVersion = 15.0.27703.1
MinimumVisualStudioVersion = 10.0.40219.1
Project("{A07B5EB6-E848-4116-A8D0-A826331D98C6}") = "PremiePrototype", "PremiePrototype\PremiePrototype.sfproj", "{988E719D-C9A1-4DAA-8CAD-2B5CB88C96D0}"
EndProject
Project("{9A19103F-16F7-4668-BE54-9A1E7A4F7556}") = "EndpointService", "EndpointService\EndpointService.csproj", "{0920D0B9-95BC-4C5E-89C1-81D64C9CD1C6}"
EndProject
Project("{9A19103F-16F7-4668-BE54-9A1E7A4F7556}") = "AuthenticatieService", "AuthenticatieService\AuthenticatieService.csproj", "{40B2D37E-2496-4FA9-96BA-D71507471790}"
EndProject
Project("{9A19103F-16F7-4668-BE54-9A1E7A4F7556}") = "AuthenticatieServiceTests", "AuthenticatieServiceTests\AuthenticatieServiceTests.csproj", "{3DC6187B-C518-4A63-A16B-C2C24C6AF670}"
EndProject
Project("{9A19103F-16F7-4668-BE54-9A1E7A4F7556}") = "EndpointServiceTests", "EndpointServiceTests\EndpointServiceTests.csproj", "{BB722E66-695B-45CC-8E24-B4E1D992DB87}"
EndProject
Project("{2150E333-8FDC-42A3-9474-1A3956D46DE8}") = "Tests", "Tests", "{DE569A53-976D-4E06-9F90-BA74AE31CBD8}"
EndProject
Global
	GlobalSection(SolutionConfigurationPlatforms) = preSolution
		Debug|Any CPU = Debug|Any CPU
		Debug|x64 = Debug|x64
		Release|Any CPU = Release|Any CPU
		Release|x64 = Release|x64
	EndGlobalSection
	GlobalSection(ProjectConfigurationPlatforms) = postSolution
		{988E719D-C9A1-4DAA-8CAD-2B5CB88C96D0}.Debug|Any CPU.ActiveCfg = Debug|x64
		{988E719D-C9A1-4DAA-8CAD-2B5CB88C96D0}.Debug|x64.ActiveCfg = Debug|x64
		{988E719D-C9A1-4DAA-8CAD-2B5CB88C96D0}.Debug|x64.Build.0 = Debug|x64
		{988E719D-C9A1-4DAA-8CAD-2B5CB88C96D0}.Debug|x64.Deploy.0 = Debug|x64
		{988E719D-C9A1-4DAA-8CAD-2B5CB88C96D0}.Release|Any CPU.ActiveCfg = Release|x64
		{988E719D-C9A1-4DAA-8CAD-2B5CB88C96D0}.Release|x64.ActiveCfg = Release|x64
		{988E719D-C9A1-4DAA-8CAD-2B5CB88C96D0}.Release|x64.Build.0 = Release|x64
		{988E719D-C9A1-4DAA-8CAD-2B5CB88C96D0}.Release|x64.Deploy.0 = Release|x64
		{0920D0B9-95BC-4C5E-89C1-81D64C9CD1C6}.Debug|Any CPU.ActiveCfg = Debug|Any CPU
		{0920D0B9-95BC-4C5E-89C1-81D64C9CD1C6}.Debug|Any CPU.Build.0 = Debug|Any CPU
		{0920D0B9-95BC-4C5E-89C1-81D64C9CD1C6}.Debug|x64.ActiveCfg = Debug|Any CPU
		{0920D0B9-95BC-4C5E-89C1-81D64C9CD1C6}.Debug|x64.Build.0 = Debug|Any CPU
		{0920D0B9-95BC-4C5E-89C1-81D64C9CD1C6}.Release|Any CPU.ActiveCfg = Release|Any CPU
		{0920D0B9-95BC-4C5E-89C1-81D64C9CD1C6}.Release|Any CPU.Build.0 = Release|Any CPU
		{0920D0B9-95BC-4C5E-89C1-81D64C9CD1C6}.Release|x64.ActiveCfg = Release|Any CPU
		{0920D0B9-95BC-4C5E-89C1-81D64C9CD1C6}.Release|x64.Build.0 = Release|Any CPU
		{40B2D37E-2496-4FA9-96BA-D71507471790}.Debug|Any CPU.ActiveCfg = Debug|Any CPU
		{40B2D37E-2496-4FA9-96BA-D71507471790}.Debug|Any CPU.Build.0 = Debug|Any CPU
		{40B2D37E-2496-4FA9-96BA-D71507471790}.Debug|x64.ActiveCfg = Debug|Any CPU
		{40B2D37E-2496-4FA9-96BA-D71507471790}.Debug|x64.Build.0 = Debug|Any CPU
		{40B2D37E-2496-4FA9-96BA-D71507471790}.Release|Any CPU.ActiveCfg = Release|Any CPU
		{40B2D37E-2496-4FA9-96BA-D71507471790}.Release|Any CPU.Build.0 = Release|Any CPU
		{40B2D37E-2496-4FA9-96BA-D71507471790}.Release|x64.ActiveCfg = Release|Any CPU
		{40B2D37E-2496-4FA9-96BA-D71507471790}.Release|x64.Build.0 = Release|Any CPU
		{3DC6187B-C518-4A63-A16B-C2C24C6AF670}.Debug|Any CPU.ActiveCfg = Debug|Any CPU
		{3DC6187B-C518-4A63-A16B-C2C24C6AF670}.Debug|Any CPU.Build.0 = Debug|Any CPU
		{3DC6187B-C518-4A63-A16B-C2C24C6AF670}.Debug|x64.ActiveCfg = Debug|Any CPU
		{3DC6187B-C518-4A63-A16B-C2C24C6AF670}.Debug|x64.Build.0 = Debug|Any CPU
		{3DC6187B-C518-4A63-A16B-C2C24C6AF670}.Release|Any CPU.ActiveCfg = Release|Any CPU
		{3DC6187B-C518-4A63-A16B-C2C24C6AF670}.Release|Any CPU.Build.0 = Release|Any CPU
		{3DC6187B-C518-4A63-A16B-C2C24C6AF670}.Release|x64.ActiveCfg = Release|Any CPU
		{3DC6187B-C518-4A63-A16B-C2C24C6AF670}.Release|x64.Build.0 = Release|Any CPU
		{BB722E66-695B-45CC-8E24-B4E1D992DB87}.Debug|Any CPU.ActiveCfg = Debug|Any CPU
		{BB722E66-695B-45CC-8E24-B4E1D992DB87}.Debug|Any CPU.Build.0 = Debug|Any CPU
		{BB722E66-695B-45CC-8E24-B4E1D992DB87}.Debug|x64.ActiveCfg = Debug|Any CPU
		{BB722E66-695B-45CC-8E24-B4E1D992DB87}.Debug|x64.Build.0 = Debug|Any CPU
		{BB722E66-695B-45CC-8E24-B4E1D992DB87}.Release|Any CPU.ActiveCfg = Release|Any CPU
		{BB722E66-695B-45CC-8E24-B4E1D992DB87}.Release|Any CPU.Build.0 = Release|Any CPU
		{BB722E66-695B-45CC-8E24-B4E1D992DB87}.Release|x64.ActiveCfg = Release|Any CPU
		{BB722E66-695B-45CC-8E24-B4E1D992DB87}.Release|x64.Build.0 = Release|Any CPU
	EndGlobalSection
	GlobalSection(SolutionProperties) = preSolution
		HideSolutionNode = FALSE
	EndGlobalSection
	GlobalSection(NestedProjects) = preSolution
		{3DC6187B-C518-4A63-A16B-C2C24C6AF670} = {DE569A53-976D-4E06-9F90-BA74AE31CBD8}
		{BB722E66-695B-45CC-8E24-B4E1D992DB87} = {DE569A53-976D-4E06-9F90-BA74AE31CBD8}
	EndGlobalSection
	GlobalSection(ExtensibilityGlobals) = postSolution
		SolutionGuid = {B9AFB24B-8426-4FCC-A649-A2DA68603959}
	EndGlobalSection
EndGlobal
